// !$*UTF8*$!
{
	archiveVersion = 1;
	classes = {
	};
	objectVersion = 50;
	objects = {

/* Begin PBXBuildFile section */
		80F5BE8021E89A75005D113D /* AppDelegate.m in Sources */ = {isa = PBXBuildFile; fileRef = 80F5BE7F21E89A75005D113D /* AppDelegate.m */; };
		80F5BE8621E89A75005D113D /* Main.storyboard in Resources */ = {isa = PBXBuildFile; fileRef = 80F5BE8421E89A75005D113D /* Main.storyboard */; };
		80F5BE8821E89A76005D113D /* Assets.xcassets in Resources */ = {isa = PBXBuildFile; fileRef = 80F5BE8721E89A76005D113D /* Assets.xcassets */; };
		80F5BE8B21E89A76005D113D /* LaunchScreen.storyboard in Resources */ = {isa = PBXBuildFile; fileRef = 80F5BE8921E89A76005D113D /* LaunchScreen.storyboard */; };
		80F5BE8E21E89A76005D113D /* main.m in Sources */ = {isa = PBXBuildFile; fileRef = 80F5BE8D21E89A76005D113D /* main.m */; };
		80F5BE9921E8B2D1005D113D /* HLSPlayerController.m in Sources */ = {isa = PBXBuildFile; fileRef = 80F5BE9821E8B2D1005D113D /* HLSPlayerController.m */; };
/* End PBXBuildFile section */

/* Begin PBXFileReference section */
		80F5BE7B21E89A75005D113D /* HLS.app */ = {isa = PBXFileReference; explicitFileType = wrapper.application; includeInIndex = 0; path = HLS.app; sourceTree = BUILT_PRODUCTS_DIR; };
		80F5BE7E21E89A75005D113D /* AppDelegate.h */ = {isa = PBXFileReference; lastKnownFileType = sourcecode.c.h; path = AppDelegate.h; sourceTree = "<group>"; };
		80F5BE7F21E89A75005D113D /* AppDelegate.m */ = {isa = PBXFileReference; lastKnownFileType = sourcecode.c.objc; path = AppDelegate.m; sourceTree = "<group>"; };
		80F5BE8521E89A75005D113D /* Base */ = {isa = PBXFileReference; lastKnownFileType = file.storyboard; name = Base; path = Base.lproj/Main.storyboard; sourceTree = "<group>"; };
		80F5BE8721E89A76005D113D /* Assets.xcassets */ = {isa = PBXFileReference; lastKnownFileType = folder.assetcatalog; path = Assets.xcassets; sourceTree = "<group>"; };
		80F5BE8A21E89A76005D113D /* Base */ = {isa = PBXFileReference; lastKnownFileType = file.storyboard; name = Base; path = Base.lproj/LaunchScreen.storyboard; sourceTree = "<group>"; };
		80F5BE8C21E89A76005D113D /* Info.plist */ = {isa = PBXFileReference; lastKnownFileType = text.plist.xml; path = Info.plist; sourceTree = "<group>"; };
		80F5BE8D21E89A76005D113D /* main.m */ = {isa = PBXFileReference; lastKnownFileType = sourcecode.c.objc; path = main.m; sourceTree = "<group>"; };
		80F5BE9721E8B2D1005D113D /* HLSPlayerController.h */ = {isa = PBXFileReference; lastKnownFileType = sourcecode.c.h; path = HLSPlayerController.h; sourceTree = "<group>"; };
		80F5BE9821E8B2D1005D113D /* HLSPlayerController.m */ = {isa = PBXFileReference; lastKnownFileType = sourcecode.c.objc; path = HLSPlayerController.m; sourceTree = "<group>"; };
/* End PBXFileReference section */

/* Begin PBXFrameworksBuildPhase section */
		80F5BE7821E89A75005D113D /* Frameworks */ = {
			isa = PBXFrameworksBuildPhase;
			buildActionMask = 2147483647;
			files = (
			);
			runOnlyForDeploymentPostprocessing = 0;
		};
/* End PBXFrameworksBuildPhase section */

/* Begin PBXGroup section */
		80F5BE7221E89A75005D113D = {
			isa = PBXGroup;
			children = (
				80F5BE7D21E89A75005D113D /* HLS */,
				80F5BE7C21E89A75005D113D /* Products */,
			);
			sourceTree = "<group>";
		};
		80F5BE7C21E89A75005D113D /* Products */ = {
			isa = PBXGroup;
			children = (
				80F5BE7B21E89A75005D113D /* HLS.app */,
			);
			name = Products;
			sourceTree = "<group>";
		};
		80F5BE7D21E89A75005D113D /* HLS */ = {
			isa = PBXGroup;
			children = (
				80F5BE7E21E89A75005D113D /* AppDelegate.h */,
				80F5BE7F21E89A75005D113D /* AppDelegate.m */,
				80F5BE9721E8B2D1005D113D /* HLSPlayerController.h */,
				80F5BE9821E8B2D1005D113D /* HLSPlayerController.m */,
				80F5BE8421E89A75005D113D /* Main.storyboard */,
				80F5BE8721E89A76005D113D /* Assets.xcassets */,
				80F5BE8921E89A76005D113D /* LaunchScreen.storyboard */,
				80F5BE8C21E89A76005D113D /* Info.plist */,
				80F5BE8D21E89A76005D113D /* main.m */,
			);
			path = HLS;
			sourceTree = "<group>";
		};
/* End PBXGroup section */

/* Begin PBXNativeTarget section */
		80F5BE7A21E89A75005D113D /* HLS */ = {
			isa = PBXNativeTarget;
			buildConfigurationList = 80F5BE9121E89A76005D113D /* Build configuration list for PBXNativeTarget "HLS" */;
			buildPhases = (
				80F5BE7721E89A75005D113D /* Sources */,
				80F5BE7821E89A75005D113D /* Frameworks */,
				80F5BE7921E89A75005D113D /* Resources */,
			);
			buildRules = (
			);
			dependencies = (
			);
			name = HLS;
			productName = HLS;
			productReference = 80F5BE7B21E89A75005D113D /* HLS.app */;
			productType = "com.apple.product-type.application";
		};
/* End PBXNativeTarget section */

/* Begin PBXProject section */
		80F5BE7321E89A75005D113D /* Project object */ = {
			isa = PBXProject;
			attributes = {
				LastUpgradeCheck = 1010;
				ORGANIZATIONNAME = ubtechinc;
				TargetAttributes = {
					80F5BE7A21E89A75005D113D = {
						CreatedOnToolsVersion = 10.1;
					};
				};
			};
			buildConfigurationList = 80F5BE7621E89A75005D113D /* Build configuration list for PBXProject "HLS" */;
			compatibilityVersion = "Xcode 9.3";
			developmentRegion = en;
			hasScannedForEncodings = 0;
			knownRegions = (
				en,
				Base,
			);
			mainGroup = 80F5BE7221E89A75005D113D;
			productRefGroup = 80F5BE7C21E89A75005D113D /* Products */;
			projectDirPath = "";
			projectRoot = "";
			targets = (
				80F5BE7A21E89A75005D113D /* HLS */,
			);
		};
/* End PBXProject section */

/* Begin PBXResourcesBuildPhase section */
		80F5BE7921E89A75005D113D /* Resources */ = {
			isa = PBXResourcesBuildPhase;
			buildActionMask = 2147483647;
			files = (
				80F5BE8B21E89A76005D113D /* LaunchScreen.storyboard in Resources */,
				80F5BE8821E89A76005D113D /* Assets.xcassets in Resources */,
				80F5BE8621E89A75005D113D /* Main.storyboard in Resources */,
			);
			runOnlyForDeploymentPostprocessing = 0;
		};
/* End PBXResourcesBuildPhase section */

/* Begin PBXSourcesBuildPhase section */
		80F5BE7721E89A75005D113D /* Sources */ = {
			isa = PBXSourcesBuildPhase;
			buildActionMask = 2147483647;
			files = (
				80F5BE8E21E89A76005D113D /* main.m in Sources */,
				80F5BE9921E8B2D1005D113D /* HLSPlayerController.m in Sources */,
				80F5BE8021E89A75005D113D /* AppDelegate.m in Sources */,
			);
			runOnlyForDeploymentPostprocessing = 0;
		};
/* End PBXSourcesBuildPhase section */

/* Begin PBXVariantGroup section */
		80F5BE8421E89A75005D113D /* Main.storyboard */ = {
			isa = PBXVariantGroup;
			children = (
				80F5BE8521E89A75005D113D /* Base */,
			);
			name = Main.storyboard;
			sourceTree = "<group>";
		};
		80F5BE8921E89A76005D113D /* LaunchScreen.storyboard */ = {
			isa = PBXVariantGroup;
			children = (
				80F5BE8A21E89A76005D113D /* Base */,
			);
			name = LaunchScreen.storyboard;
			sourceTree = "<group>";
		};
/* End PBXVariantGroup section */

/* Begin XCBuildConfiguration section */
		80F5BE8F21E89A76005D113D /* Debug */ = {
			isa = XCBuildConfiguration;
			buildSettings = {
				ALWAYS_SEARCH_USER_PATHS = NO;
				CLANG_ANALYZER_NONNULL = YES;
				CLANG_ANALYZER_NUMBER_OBJECT_CONVERSION = YES_AGGRESSIVE;
				CLANG_CXX_LANGUAGE_STANDARD = "gnu++14";
				CLANG_CXX_LIBRARY = "libc++";
				CLANG_ENABLE_MODULES = YES;
				CLANG_ENABLE_OBJC_ARC = YES;
				CLANG_ENABLE_OBJC_WEAK = YES;
				CLANG_WARN_BLOCK_CAPTURE_AUTORELEASING = YES;
				CLANG_WARN_BOOL_CONVERSION = YES;
				CLANG_WARN_COMMA = YES;
				CLANG_WARN_CONSTANT_CONVERSION = YES;
				CLANG_WARN_DEPRECATED_OBJC_IMPLEMENTATIONS = YES;
				CLANG_WARN_DIRECT_OBJC_ISA_USAGE = YES_ERROR;
				CLANG_WARN_DOCUMENTATION_COMMENTS = YES;
				CLANG_WARN_EMPTY_BODY = YES;
				CLANG_WARN_ENUM_CONVERSION = YES;
				CLANG_WARN_INFINITE_RECURSION = YES;
				CLANG_WARN_INT_CONVERSION = YES;
				CLANG_WARN_NON_LITERAL_NULL_CONVERSION = YES;
				CLANG_WARN_OBJC_IMPLICIT_RETAIN_SELF = YES;
				CLANG_WARN_OBJC_LITERAL_CONVERSION = YES;
				CLANG_WARN_OBJC_ROOT_CLASS = YES_ERROR;
				CLANG_WARN_RANGE_LOOP_ANALYSIS = YES;
				CLANG_WARN_STRICT_PROTOTYPES = YES;
				CLANG_WARN_SUSPICIOUS_MOVE = YES;
				CLANG_WARN_UNGUARDED_AVAILABILITY = YES_AGGRESSIVE;
				CLANG_WARN_UNREACHABLE_CODE = YES;
				CLANG_WARN__DUPLICATE_METHOD_MATCH = YES;
				CODE_SIGN_IDENTITY = "iPhone Developer";
				COPY_PHASE_STRIP = NO;
				DEBUG_INFORMATION_FORMAT = dwarf;
				ENABLE_STRICT_OBJC_MSGSEND = YES;
				ENABLE_TESTABILITY = YES;
				GCC_C_LANGUAGE_STANDARD = gnu11;
				GCC_DYNAMIC_NO_PIC = NO;
				GCC_NO_COMMON_BLOCKS = YES;
				GCC_OPTIMIZATION_LEVEL = 0;
				GCC_PREPROCESSOR_DEFINITIONS = (
					"DEBUG=1",
					"$(inherited)",
				);
				GCC_WARN_64_TO_32_BIT_CONVERSION = YES;
				GCC_WARN_ABOUT_RETURN_TYPE = YES_ERROR;
				GCC_WARN_UNDECLARED_SELECTOR = YES;
				GCC_WARN_UNINITIALIZED_AUTOS = YES_AGGRESSIVE;
				GCC_WARN_UNUSED_FUNCTION = YES;
				GCC_WARN_UNUSED_VARIABLE = YES;
				IPHONEOS_DEPLOYMENT_TARGET = 12.1;
				MTL_ENABLE_DEBUG_INFO = INCLUDE_SOURCE;
				MTL_FAST_MATH = YES;
				ONLY_ACTIVE_ARCH = YES;
				SDKROOT = iphoneos;
			};
			name = Debug;
		};
		80F5BE9021E89A76005D113D /* Release */ = {
			isa = XCBuildConfiguration;
			buildSettings = {
				ALWAYS_SEARCH_USER_PATHS = NO;
				CLANG_ANALYZER_NONNULL = YES;
				CLANG_ANALYZER_NUMBER_OBJECT_CONVERSION = YES_AGGRESSIVE;
				CLANG_CXX_LANGUAGE_STANDARD = "gnu++14";
				CLANG_CXX_LIBRARY = "libc++";
				CLANG_ENABLE_MODULES = YES;
				CLANG_ENABLE_OBJC_ARC = YES;
				CLANG_ENABLE_OBJC_WEAK = YES;
				CLANG_WARN_BLOCK_CAPTURE_AUTORELEASING = YES;
				CLANG_WARN_BOOL_CONVERSION = YES;
				CLANG_WARN_COMMA = YES;
				CLANG_WARN_CONSTANT_CONVERSION = YES;
				CLANG_WARN_DEPRECATED_OBJC_IMPLEMENTATIONS = YES;
				CLANG_WARN_DIRECT_OBJC_ISA_USAGE = YES_ERROR;
				CLANG_WARN_DOCUMENTATION_COMMENTS = YES;
				CLANG_WARN_EMPTY_BODY = YES;
				CLANG_WARN_ENUM_CONVERSION = YES;
				CLANG_WARN_INFINITE_RECURSION = YES;
				CLANG_WARN_INT_CONVERSION = YES;
				CLANG_WARN_NON_LITERAL_NULL_CONVERSION = YES;
				CLANG_WARN_OBJC_IMPLICIT_RETAIN_SELF = YES;
				CLANG_WARN_OBJC_LITERAL_CONVERSION = YES;
				CLANG_WARN_OBJC_ROOT_CLASS = YES_ERROR;
				CLANG_WARN_RANGE_LOOP_ANALYSIS = YES;
				CLANG_WARN_STRICT_PROTOTYPES = YES;
				CLANG_WARN_SUSPICIOUS_MOVE = YES;
				CLANG_WARN_UNGUARDED_AVAILABILITY = YES_AGGRESSIVE;
				CLANG_WARN_UNREACHABLE_CODE = YES;
				CLANG_WARN__DUPLICATE_METHOD_MATCH = YES;
				CODE_SIGN_IDENTITY = "iPhone Developer";
				COPY_PHASE_STRIP = NO;
				DEBUG_INFORMATION_FORMAT = "dwarf-with-dsym";
				ENABLE_NS_ASSERTIONS = NO;
				ENABLE_STRICT_OBJC_MSGSEND = YES;
				GCC_C_LANGUAGE_STANDARD = gnu11;
				GCC_NO_COMMON_BLOCKS = YES;
				GCC_WARN_64_TO_32_BIT_CONVERSION = YES;
				GCC_WARN_ABOUT_RETURN_TYPE = YES_ERROR;
				GCC_WARN_UNDECLARED_SELECTOR = YES;
				GCC_WARN_UNINITIALIZED_AUTOS = YES_AGGRESSIVE;
				GCC_WARN_UNUSED_FUNCTION = YES;
				GCC_WARN_UNUSED_VARIABLE = YES;
				IPHONEOS_DEPLOYMENT_TARGET = 12.1;
				MTL_ENABLE_DEBUG_INFO = NO;
				MTL_FAST_MATH = YES;
				SDKROOT = iphoneos;
				VALIDATE_PRODUCT = YES;
			};
			name = Release;
		};
		80F5BE9221E89A76005D113D /* Debug */ = {
			isa = XCBuildConfiguration;
			buildSettings = {
				ASSETCATALOG_COMPILER_APPICON_NAME = AppIcon;
				CODE_SIGN_STYLE = Automatic;
				DEVELOPMENT_TEAM = GLWCRSS83U;
				INFOPLIST_FILE = HLS/Info.plist;
				IPHONEOS_DEPLOYMENT_TARGET = 10.0;
				LD_RUNPATH_SEARCH_PATHS = (
					"$(inherited)",
					"@executable_path/Frameworks",
				);
				PRODUCT_BUNDLE_IDENTIFIER = com.ubtechinc.HLS;
				PRODUCT_NAME = "$(TARGET_NAME)";
				TARGETED_DEVICE_FAMILY = "1,2";
			};
			name = Debug;
		};
		80F5BE9321E89A76005D113D /* Release */ = {
			isa = XCBuildConfiguration;
			buildSettings = {
				ASSETCATALOG_COMPILER_APPICON_NAME = AppIcon;
				CODE_SIGN_STYLE = Automatic;
				DEVELOPMENT_TEAM = GLWCRSS83U;
				INFOPLIST_FILE = HLS/Info.plist;
				IPHONEOS_DEPLOYMENT_TARGET = 10.0;
				LD_RUNPATH_SEARCH_PATHS = (
					"$(inherited)",
					"@executable_path/Frameworks",
				);
				PRODUCT_BUNDLE_IDENTIFIER = com.ubtechinc.HLS;
				PRODUCT_NAME = "$(TARGET_NAME)";
				TARGETED_DEVICE_FAMILY = "1,2";
			};
			name = Release;
		};
/* End XCBuildConfiguration section */

/* Begin XCConfigurationList section */
		80F5BE7621E89A75005D113D /* Build configuration list for PBXProject "HLS" */ = {
			isa = XCConfigurationList;
			buildConfigurations = (
				80F5BE8F21E89A76005D113D /* Debug */,
				80F5BE9021E89A76005D113D /* Release */,
			);
			defaultConfigurationIsVisible = 0;
			defaultConfigurationName = Release;
		};
		80F5BE9121E89A76005D113D /* Build configuration list for PBXNativeTarget "HLS" */ = {
			isa = XCConfigurationList;
			buildConfigurations = (
				80F5BE9221E89A76005D113D /* Debug */,
				80F5BE9321E89A76005D113D /* Release */,
			);
			defaultConfigurationIsVisible = 0;
			defaultConfigurationName = Release;
		};
/* End XCConfigurationList section */
	};
	rootObject = 80F5BE7321E89A75005D113D /* Project object */;
}
