// !$*UTF8*$!
{
	archiveVersion = 1;
	classes = {
	};
	objectVersion = 50;
	objects = {

/* Begin PBXBuildFile section */
		8047F70A2408C3D50044887D /* AppDelegate.swift in Sources */ = {isa = PBXBuildFile; fileRef = 8047F7092408C3D50044887D /* AppDelegate.swift */; };
		8047F70E2408C3D50044887D /* BarcodeScanViewController.swift in Sources */ = {isa = PBXBuildFile; fileRef = 8047F70D2408C3D50044887D /* BarcodeScanViewController.swift */; };
		8047F7112408C3D50044887D /* Main.storyboard in Resources */ = {isa = PBXBuildFile; fileRef = 8047F70F2408C3D50044887D /* Main.storyboard */; };
		8047F7132408C3D80044887D /* Assets.xcassets in Resources */ = {isa = PBXBuildFile; fileRef = 8047F7122408C3D80044887D /* Assets.xcassets */; };
		8047F7162408C3D80044887D /* LaunchScreen.storyboard in Resources */ = {isa = PBXBuildFile; fileRef = 8047F7142408C3D80044887D /* LaunchScreen.storyboard */; };
		8047F7432408C7530044887D /* LICENSE in Resources */ = {isa = PBXBuildFile; fileRef = 8047F71E2408C7530044887D /* LICENSE */; };
		8047F7442408C7530044887D /* ConstraintMultiplierTarget.swift in Sources */ = {isa = PBXBuildFile; fileRef = 8047F7202408C7530044887D /* ConstraintMultiplierTarget.swift */; };
		8047F7452408C7530044887D /* LayoutConstraintItem.swift in Sources */ = {isa = PBXBuildFile; fileRef = 8047F7212408C7530044887D /* LayoutConstraintItem.swift */; };
		8047F7462408C7530044887D /* ConstraintDescription.swift in Sources */ = {isa = PBXBuildFile; fileRef = 8047F7222408C7530044887D /* ConstraintDescription.swift */; };
		8047F7472408C7530044887D /* ConstraintMakerPriortizable.swift in Sources */ = {isa = PBXBuildFile; fileRef = 8047F7232408C7530044887D /* ConstraintMakerPriortizable.swift */; };
		8047F7482408C7530044887D /* ConstraintAttributes.swift in Sources */ = {isa = PBXBuildFile; fileRef = 8047F7242408C7530044887D /* ConstraintAttributes.swift */; };
		8047F7492408C7530044887D /* ConstraintViewDSL.swift in Sources */ = {isa = PBXBuildFile; fileRef = 8047F7252408C7530044887D /* ConstraintViewDSL.swift */; };
		8047F74A2408C7530044887D /* ConstraintPriorityTarget.swift in Sources */ = {isa = PBXBuildFile; fileRef = 8047F7262408C7530044887D /* ConstraintPriorityTarget.swift */; };
		8047F74B2408C7530044887D /* ConstraintInsets.swift in Sources */ = {isa = PBXBuildFile; fileRef = 8047F7272408C7530044887D /* ConstraintInsets.swift */; };
		8047F74C2408C7530044887D /* ConstraintMakerFinalizable.swift in Sources */ = {isa = PBXBuildFile; fileRef = 8047F7282408C7530044887D /* ConstraintMakerFinalizable.swift */; };
		8047F74D2408C7530044887D /* ConstraintDSL.swift in Sources */ = {isa = PBXBuildFile; fileRef = 8047F7292408C7530044887D /* ConstraintDSL.swift */; };
		8047F74E2408C7530044887D /* ConstraintMakerExtendable.swift in Sources */ = {isa = PBXBuildFile; fileRef = 8047F72A2408C7530044887D /* ConstraintMakerExtendable.swift */; };
		8047F74F2408C7530044887D /* ConstraintPriority.swift in Sources */ = {isa = PBXBuildFile; fileRef = 8047F72B2408C7530044887D /* ConstraintPriority.swift */; };
		8047F7502408C7530044887D /* ConstraintInsetTarget.swift in Sources */ = {isa = PBXBuildFile; fileRef = 8047F72C2408C7530044887D /* ConstraintInsetTarget.swift */; };
		8047F7512408C7530044887D /* ConstraintConfig.swift in Sources */ = {isa = PBXBuildFile; fileRef = 8047F72D2408C7530044887D /* ConstraintConfig.swift */; };
		8047F7522408C7530044887D /* UILayoutSupport+Extensions.swift in Sources */ = {isa = PBXBuildFile; fileRef = 8047F72E2408C7530044887D /* UILayoutSupport+Extensions.swift */; };
		8047F7532408C7530044887D /* ConstraintView.swift in Sources */ = {isa = PBXBuildFile; fileRef = 8047F72F2408C7530044887D /* ConstraintView.swift */; };
		8047F7542408C7530044887D /* ConstraintLayoutGuide.swift in Sources */ = {isa = PBXBuildFile; fileRef = 8047F7302408C7530044887D /* ConstraintLayoutGuide.swift */; };
		8047F7552408C7530044887D /* ConstraintLayoutSupport.swift in Sources */ = {isa = PBXBuildFile; fileRef = 8047F7312408C7530044887D /* ConstraintLayoutSupport.swift */; };
		8047F7562408C7530044887D /* Typealiases.swift in Sources */ = {isa = PBXBuildFile; fileRef = 8047F7322408C7530044887D /* Typealiases.swift */; };
		8047F7572408C7530044887D /* ConstraintConstantTarget.swift in Sources */ = {isa = PBXBuildFile; fileRef = 8047F7332408C7530044887D /* ConstraintConstantTarget.swift */; };
		8047F7582408C7530044887D /* ConstraintOffsetTarget.swift in Sources */ = {isa = PBXBuildFile; fileRef = 8047F7342408C7530044887D /* ConstraintOffsetTarget.swift */; };
		8047F7592408C7530044887D /* ConstraintMakerEditable.swift in Sources */ = {isa = PBXBuildFile; fileRef = 8047F7352408C7530044887D /* ConstraintMakerEditable.swift */; };
		8047F75A2408C7530044887D /* ConstraintMaker.swift in Sources */ = {isa = PBXBuildFile; fileRef = 8047F7362408C7530044887D /* ConstraintMaker.swift */; };
		8047F75B2408C7530044887D /* ConstraintRelation.swift in Sources */ = {isa = PBXBuildFile; fileRef = 8047F7372408C7530044887D /* ConstraintRelation.swift */; };
		8047F75C2408C7530044887D /* ConstraintLayoutGuideDSL.swift in Sources */ = {isa = PBXBuildFile; fileRef = 8047F7382408C7530044887D /* ConstraintLayoutGuideDSL.swift */; };
		8047F75D2408C7530044887D /* ConstraintView+Extensions.swift in Sources */ = {isa = PBXBuildFile; fileRef = 8047F7392408C7530044887D /* ConstraintView+Extensions.swift */; };
		8047F75E2408C7530044887D /* ConstraintItem.swift in Sources */ = {isa = PBXBuildFile; fileRef = 8047F73A2408C7530044887D /* ConstraintItem.swift */; };
		8047F75F2408C7530044887D /* Constraint.swift in Sources */ = {isa = PBXBuildFile; fileRef = 8047F73B2408C7530044887D /* Constraint.swift */; };
		8047F7602408C7530044887D /* Debugging.swift in Sources */ = {isa = PBXBuildFile; fileRef = 8047F73C2408C7530044887D /* Debugging.swift */; };
		8047F7612408C7530044887D /* ConstraintRelatableTarget.swift in Sources */ = {isa = PBXBuildFile; fileRef = 8047F73D2408C7530044887D /* ConstraintRelatableTarget.swift */; };
		8047F7622408C7530044887D /* LayoutConstraint.swift in Sources */ = {isa = PBXBuildFile; fileRef = 8047F73E2408C7530044887D /* LayoutConstraint.swift */; };
		8047F7632408C7530044887D /* ConstraintLayoutGuide+Extensions.swift in Sources */ = {isa = PBXBuildFile; fileRef = 8047F73F2408C7530044887D /* ConstraintLayoutGuide+Extensions.swift */; };
		8047F7642408C7530044887D /* ConstraintLayoutSupportDSL.swift in Sources */ = {isa = PBXBuildFile; fileRef = 8047F7402408C7530044887D /* ConstraintLayoutSupportDSL.swift */; };
		8047F7652408C7530044887D /* ConstraintMakerRelatable.swift in Sources */ = {isa = PBXBuildFile; fileRef = 8047F7412408C7530044887D /* ConstraintMakerRelatable.swift */; };
		8047F7662408C7530044887D /* README.md in Resources */ = {isa = PBXBuildFile; fileRef = 8047F7422408C7530044887D /* README.md */; };
		8047F7682408CCCE0044887D /* ScanResultViewController.swift in Sources */ = {isa = PBXBuildFile; fileRef = 8047F7672408CCCE0044887D /* ScanResultViewController.swift */; };
/* End PBXBuildFile section */

/* Begin PBXFileReference section */
		8047F7062408C3D50044887D /* BarCode.app */ = {isa = PBXFileReference; explicitFileType = wrapper.application; includeInIndex = 0; path = BarCode.app; sourceTree = BUILT_PRODUCTS_DIR; };
		8047F7092408C3D50044887D /* AppDelegate.swift */ = {isa = PBXFileReference; lastKnownFileType = sourcecode.swift; path = AppDelegate.swift; sourceTree = "<group>"; };
		8047F70D2408C3D50044887D /* BarcodeScanViewController.swift */ = {isa = PBXFileReference; lastKnownFileType = sourcecode.swift; path = BarcodeScanViewController.swift; sourceTree = "<group>"; };
		8047F7102408C3D50044887D /* Base */ = {isa = PBXFileReference; lastKnownFileType = file.storyboard; name = Base; path = Base.lproj/Main.storyboard; sourceTree = "<group>"; };
		8047F7122408C3D80044887D /* Assets.xcassets */ = {isa = PBXFileReference; lastKnownFileType = folder.assetcatalog; path = Assets.xcassets; sourceTree = "<group>"; };
		8047F7152408C3D80044887D /* Base */ = {isa = PBXFileReference; lastKnownFileType = file.storyboard; name = Base; path = Base.lproj/LaunchScreen.storyboard; sourceTree = "<group>"; };
		8047F7172408C3D80044887D /* Info.plist */ = {isa = PBXFileReference; lastKnownFileType = text.plist.xml; path = Info.plist; sourceTree = "<group>"; };
		8047F71E2408C7530044887D /* LICENSE */ = {isa = PBXFileReference; fileEncoding = 4; lastKnownFileType = text; path = LICENSE; sourceTree = "<group>"; };
		8047F7202408C7530044887D /* ConstraintMultiplierTarget.swift */ = {isa = PBXFileReference; fileEncoding = 4; lastKnownFileType = sourcecode.swift; path = ConstraintMultiplierTarget.swift; sourceTree = "<group>"; };
		8047F7212408C7530044887D /* LayoutConstraintItem.swift */ = {isa = PBXFileReference; fileEncoding = 4; lastKnownFileType = sourcecode.swift; path = LayoutConstraintItem.swift; sourceTree = "<group>"; };
		8047F7222408C7530044887D /* ConstraintDescription.swift */ = {isa = PBXFileReference; fileEncoding = 4; lastKnownFileType = sourcecode.swift; path = ConstraintDescription.swift; sourceTree = "<group>"; };
		8047F7232408C7530044887D /* ConstraintMakerPriortizable.swift */ = {isa = PBXFileReference; fileEncoding = 4; lastKnownFileType = sourcecode.swift; path = ConstraintMakerPriortizable.swift; sourceTree = "<group>"; };
		8047F7242408C7530044887D /* ConstraintAttributes.swift */ = {isa = PBXFileReference; fileEncoding = 4; lastKnownFileType = sourcecode.swift; path = ConstraintAttributes.swift; sourceTree = "<group>"; };
		8047F7252408C7530044887D /* ConstraintViewDSL.swift */ = {isa = PBXFileReference; fileEncoding = 4; lastKnownFileType = sourcecode.swift; path = ConstraintViewDSL.swift; sourceTree = "<group>"; };
		8047F7262408C7530044887D /* ConstraintPriorityTarget.swift */ = {isa = PBXFileReference; fileEncoding = 4; lastKnownFileType = sourcecode.swift; path = ConstraintPriorityTarget.swift; sourceTree = "<group>"; };
		8047F7272408C7530044887D /* ConstraintInsets.swift */ = {isa = PBXFileReference; fileEncoding = 4; lastKnownFileType = sourcecode.swift; path = ConstraintInsets.swift; sourceTree = "<group>"; };
		8047F7282408C7530044887D /* ConstraintMakerFinalizable.swift */ = {isa = PBXFileReference; fileEncoding = 4; lastKnownFileType = sourcecode.swift; path = ConstraintMakerFinalizable.swift; sourceTree = "<group>"; };
		8047F7292408C7530044887D /* ConstraintDSL.swift */ = {isa = PBXFileReference; fileEncoding = 4; lastKnownFileType = sourcecode.swift; path = ConstraintDSL.swift; sourceTree = "<group>"; };
		8047F72A2408C7530044887D /* ConstraintMakerExtendable.swift */ = {isa = PBXFileReference; fileEncoding = 4; lastKnownFileType = sourcecode.swift; path = ConstraintMakerExtendable.swift; sourceTree = "<group>"; };
		8047F72B2408C7530044887D /* ConstraintPriority.swift */ = {isa = PBXFileReference; fileEncoding = 4; lastKnownFileType = sourcecode.swift; path = ConstraintPriority.swift; sourceTree = "<group>"; };
		8047F72C2408C7530044887D /* ConstraintInsetTarget.swift */ = {isa = PBXFileReference; fileEncoding = 4; lastKnownFileType = sourcecode.swift; path = ConstraintInsetTarget.swift; sourceTree = "<group>"; };
		8047F72D2408C7530044887D /* ConstraintConfig.swift */ = {isa = PBXFileReference; fileEncoding = 4; lastKnownFileType = sourcecode.swift; path = ConstraintConfig.swift; sourceTree = "<group>"; };
		8047F72E2408C7530044887D /* UILayoutSupport+Extensions.swift */ = {isa = PBXFileReference; fileEncoding = 4; lastKnownFileType = sourcecode.swift; path = "UILayoutSupport+Extensions.swift"; sourceTree = "<group>"; };
		8047F72F2408C7530044887D /* ConstraintView.swift */ = {isa = PBXFileReference; fileEncoding = 4; lastKnownFileType = sourcecode.swift; path = ConstraintView.swift; sourceTree = "<group>"; };
		8047F7302408C7530044887D /* ConstraintLayoutGuide.swift */ = {isa = PBXFileReference; fileEncoding = 4; lastKnownFileType = sourcecode.swift; path = ConstraintLayoutGuide.swift; sourceTree = "<group>"; };
		8047F7312408C7530044887D /* ConstraintLayoutSupport.swift */ = {isa = PBXFileReference; fileEncoding = 4; lastKnownFileType = sourcecode.swift; path = ConstraintLayoutSupport.swift; sourceTree = "<group>"; };
		8047F7322408C7530044887D /* Typealiases.swift */ = {isa = PBXFileReference; fileEncoding = 4; lastKnownFileType = sourcecode.swift; path = Typealiases.swift; sourceTree = "<group>"; };
		8047F7332408C7530044887D /* ConstraintConstantTarget.swift */ = {isa = PBXFileReference; fileEncoding = 4; lastKnownFileType = sourcecode.swift; path = ConstraintConstantTarget.swift; sourceTree = "<group>"; };
		8047F7342408C7530044887D /* ConstraintOffsetTarget.swift */ = {isa = PBXFileReference; fileEncoding = 4; lastKnownFileType = sourcecode.swift; path = ConstraintOffsetTarget.swift; sourceTree = "<group>"; };
		8047F7352408C7530044887D /* ConstraintMakerEditable.swift */ = {isa = PBXFileReference; fileEncoding = 4; lastKnownFileType = sourcecode.swift; path = ConstraintMakerEditable.swift; sourceTree = "<group>"; };
		8047F7362408C7530044887D /* ConstraintMaker.swift */ = {isa = PBXFileReference; fileEncoding = 4; lastKnownFileType = sourcecode.swift; path = ConstraintMaker.swift; sourceTree = "<group>"; };
		8047F7372408C7530044887D /* ConstraintRelation.swift */ = {isa = PBXFileReference; fileEncoding = 4; lastKnownFileType = sourcecode.swift; path = ConstraintRelation.swift; sourceTree = "<group>"; };
		8047F7382408C7530044887D /* ConstraintLayoutGuideDSL.swift */ = {isa = PBXFileReference; fileEncoding = 4; lastKnownFileType = sourcecode.swift; path = ConstraintLayoutGuideDSL.swift; sourceTree = "<group>"; };
		8047F7392408C7530044887D /* ConstraintView+Extensions.swift */ = {isa = PBXFileReference; fileEncoding = 4; lastKnownFileType = sourcecode.swift; path = "ConstraintView+Extensions.swift"; sourceTree = "<group>"; };
		8047F73A2408C7530044887D /* ConstraintItem.swift */ = {isa = PBXFileReference; fileEncoding = 4; lastKnownFileType = sourcecode.swift; path = ConstraintItem.swift; sourceTree = "<group>"; };
		8047F73B2408C7530044887D /* Constraint.swift */ = {isa = PBXFileReference; fileEncoding = 4; lastKnownFileType = sourcecode.swift; path = Constraint.swift; sourceTree = "<group>"; };
		8047F73C2408C7530044887D /* Debugging.swift */ = {isa = PBXFileReference; fileEncoding = 4; lastKnownFileType = sourcecode.swift; path = Debugging.swift; sourceTree = "<group>"; };
		8047F73D2408C7530044887D /* ConstraintRelatableTarget.swift */ = {isa = PBXFileReference; fileEncoding = 4; lastKnownFileType = sourcecode.swift; path = ConstraintRelatableTarget.swift; sourceTree = "<group>"; };
		8047F73E2408C7530044887D /* LayoutConstraint.swift */ = {isa = PBXFileReference; fileEncoding = 4; lastKnownFileType = sourcecode.swift; path = LayoutConstraint.swift; sourceTree = "<group>"; };
		8047F73F2408C7530044887D /* ConstraintLayoutGuide+Extensions.swift */ = {isa = PBXFileReference; fileEncoding = 4; lastKnownFileType = sourcecode.swift; path = "ConstraintLayoutGuide+Extensions.swift"; sourceTree = "<group>"; };
		8047F7402408C7530044887D /* ConstraintLayoutSupportDSL.swift */ = {isa = PBXFileReference; fileEncoding = 4; lastKnownFileType = sourcecode.swift; path = ConstraintLayoutSupportDSL.swift; sourceTree = "<group>"; };
		8047F7412408C7530044887D /* ConstraintMakerRelatable.swift */ = {isa = PBXFileReference; fileEncoding = 4; lastKnownFileType = sourcecode.swift; path = ConstraintMakerRelatable.swift; sourceTree = "<group>"; };
		8047F7422408C7530044887D /* README.md */ = {isa = PBXFileReference; fileEncoding = 4; lastKnownFileType = net.daringfireball.markdown; path = README.md; sourceTree = "<group>"; };
		8047F7672408CCCE0044887D /* ScanResultViewController.swift */ = {isa = PBXFileReference; lastKnownFileType = sourcecode.swift; path = ScanResultViewController.swift; sourceTree = "<group>"; };
/* End PBXFileReference section */

/* Begin PBXFrameworksBuildPhase section */
		8047F7032408C3D50044887D /* Frameworks */ = {
			isa = PBXFrameworksBuildPhase;
			buildActionMask = 2147483647;
			files = (
			);
			runOnlyForDeploymentPostprocessing = 0;
		};
/* End PBXFrameworksBuildPhase section */

/* Begin PBXGroup section */
		8047F6FD2408C3D50044887D = {
			isa = PBXGroup;
			children = (
				8047F7082408C3D50044887D /* BarCode */,
				8047F7072408C3D50044887D /* Products */,
			);
			sourceTree = "<group>";
		};
		8047F7072408C3D50044887D /* Products */ = {
			isa = PBXGroup;
			children = (
				8047F7062408C3D50044887D /* BarCode.app */,
			);
			name = Products;
			sourceTree = "<group>";
		};
		8047F7082408C3D50044887D /* BarCode */ = {
			isa = PBXGroup;
			children = (
				8047F71D2408C7530044887D /* SnapKit */,
				8047F7092408C3D50044887D /* AppDelegate.swift */,
				8047F70D2408C3D50044887D /* BarcodeScanViewController.swift */,
				8047F7672408CCCE0044887D /* ScanResultViewController.swift */,
				8047F70F2408C3D50044887D /* Main.storyboard */,
				8047F7122408C3D80044887D /* Assets.xcassets */,
				8047F7142408C3D80044887D /* LaunchScreen.storyboard */,
				8047F7172408C3D80044887D /* Info.plist */,
			);
			path = BarCode;
			sourceTree = "<group>";
		};
		8047F71D2408C7530044887D /* SnapKit */ = {
			isa = PBXGroup;
			children = (
				8047F71E2408C7530044887D /* LICENSE */,
				8047F71F2408C7530044887D /* Source */,
				8047F7422408C7530044887D /* README.md */,
			);
			path = SnapKit;
			sourceTree = "<group>";
		};
		8047F71F2408C7530044887D /* Source */ = {
			isa = PBXGroup;
			children = (
				8047F7202408C7530044887D /* ConstraintMultiplierTarget.swift */,
				8047F7212408C7530044887D /* LayoutConstraintItem.swift */,
				8047F7222408C7530044887D /* ConstraintDescription.swift */,
				8047F7232408C7530044887D /* ConstraintMakerPriortizable.swift */,
				8047F7242408C7530044887D /* ConstraintAttributes.swift */,
				8047F7252408C7530044887D /* ConstraintViewDSL.swift */,
				8047F7262408C7530044887D /* ConstraintPriorityTarget.swift */,
				8047F7272408C7530044887D /* ConstraintInsets.swift */,
				8047F7282408C7530044887D /* ConstraintMakerFinalizable.swift */,
				8047F7292408C7530044887D /* ConstraintDSL.swift */,
				8047F72A2408C7530044887D /* ConstraintMakerExtendable.swift */,
				8047F72B2408C7530044887D /* ConstraintPriority.swift */,
				8047F72C2408C7530044887D /* ConstraintInsetTarget.swift */,
				8047F72D2408C7530044887D /* ConstraintConfig.swift */,
				8047F72E2408C7530044887D /* UILayoutSupport+Extensions.swift */,
				8047F72F2408C7530044887D /* ConstraintView.swift */,
				8047F7302408C7530044887D /* ConstraintLayoutGuide.swift */,
				8047F7312408C7530044887D /* ConstraintLayoutSupport.swift */,
				8047F7322408C7530044887D /* Typealiases.swift */,
				8047F7332408C7530044887D /* ConstraintConstantTarget.swift */,
				8047F7342408C7530044887D /* ConstraintOffsetTarget.swift */,
				8047F7352408C7530044887D /* ConstraintMakerEditable.swift */,
				8047F7362408C7530044887D /* ConstraintMaker.swift */,
				8047F7372408C7530044887D /* ConstraintRelation.swift */,
				8047F7382408C7530044887D /* ConstraintLayoutGuideDSL.swift */,
				8047F7392408C7530044887D /* ConstraintView+Extensions.swift */,
				8047F73A2408C7530044887D /* ConstraintItem.swift */,
				8047F73B2408C7530044887D /* Constraint.swift */,
				8047F73C2408C7530044887D /* Debugging.swift */,
				8047F73D2408C7530044887D /* ConstraintRelatableTarget.swift */,
				8047F73E2408C7530044887D /* LayoutConstraint.swift */,
				8047F73F2408C7530044887D /* ConstraintLayoutGuide+Extensions.swift */,
				8047F7402408C7530044887D /* ConstraintLayoutSupportDSL.swift */,
				8047F7412408C7530044887D /* ConstraintMakerRelatable.swift */,
			);
			path = Source;
			sourceTree = "<group>";
		};
/* End PBXGroup section */

/* Begin PBXNativeTarget section */
		8047F7052408C3D50044887D /* BarCode */ = {
			isa = PBXNativeTarget;
			buildConfigurationList = 8047F71A2408C3D80044887D /* Build configuration list for PBXNativeTarget "BarCode" */;
			buildPhases = (
				8047F7022408C3D50044887D /* Sources */,
				8047F7032408C3D50044887D /* Frameworks */,
				8047F7042408C3D50044887D /* Resources */,
			);
			buildRules = (
			);
			dependencies = (
			);
			name = BarCode;
			productName = BarCode;
			productReference = 8047F7062408C3D50044887D /* BarCode.app */;
			productType = "com.apple.product-type.application";
		};
/* End PBXNativeTarget section */

/* Begin PBXProject section */
		8047F6FE2408C3D50044887D /* Project object */ = {
			isa = PBXProject;
			attributes = {
				LastSwiftUpdateCheck = 1110;
				LastUpgradeCheck = 1110;
				ORGANIZATIONNAME = CXY;
				TargetAttributes = {
					8047F7052408C3D50044887D = {
						CreatedOnToolsVersion = 11.1;
					};
				};
			};
			buildConfigurationList = 8047F7012408C3D50044887D /* Build configuration list for PBXProject "BarCode" */;
			compatibilityVersion = "Xcode 9.3";
			developmentRegion = en;
			hasScannedForEncodings = 0;
			knownRegions = (
				en,
				Base,
			);
			mainGroup = 8047F6FD2408C3D50044887D;
			productRefGroup = 8047F7072408C3D50044887D /* Products */;
			projectDirPath = "";
			projectRoot = "";
			targets = (
				8047F7052408C3D50044887D /* BarCode */,
			);
		};
/* End PBXProject section */

/* Begin PBXResourcesBuildPhase section */
		8047F7042408C3D50044887D /* Resources */ = {
			isa = PBXResourcesBuildPhase;
			buildActionMask = 2147483647;
			files = (
				8047F7162408C3D80044887D /* LaunchScreen.storyboard in Resources */,
				8047F7132408C3D80044887D /* Assets.xcassets in Resources */,
				8047F7662408C7530044887D /* README.md in Resources */,
				8047F7432408C7530044887D /* LICENSE in Resources */,
				8047F7112408C3D50044887D /* Main.storyboard in Resources */,
			);
			runOnlyForDeploymentPostprocessing = 0;
		};
/* End PBXResourcesBuildPhase section */

/* Begin PBXSourcesBuildPhase section */
		8047F7022408C3D50044887D /* Sources */ = {
			isa = PBXSourcesBuildPhase;
			buildActionMask = 2147483647;
			files = (
				8047F7522408C7530044887D /* UILayoutSupport+Extensions.swift in Sources */,
				8047F75B2408C7530044887D /* ConstraintRelation.swift in Sources */,
				8047F7682408CCCE0044887D /* ScanResultViewController.swift in Sources */,
				8047F7472408C7530044887D /* ConstraintMakerPriortizable.swift in Sources */,
				8047F7482408C7530044887D /* ConstraintAttributes.swift in Sources */,
				8047F7442408C7530044887D /* ConstraintMultiplierTarget.swift in Sources */,
				8047F7512408C7530044887D /* ConstraintConfig.swift in Sources */,
				8047F74E2408C7530044887D /* ConstraintMakerExtendable.swift in Sources */,
				8047F7612408C7530044887D /* ConstraintRelatableTarget.swift in Sources */,
				8047F7642408C7530044887D /* ConstraintLayoutSupportDSL.swift in Sources */,
				8047F75F2408C7530044887D /* Constraint.swift in Sources */,
				8047F7592408C7530044887D /* ConstraintMakerEditable.swift in Sources */,
				8047F70E2408C3D50044887D /* BarcodeScanViewController.swift in Sources */,
				8047F7632408C7530044887D /* ConstraintLayoutGuide+Extensions.swift in Sources */,
				8047F7502408C7530044887D /* ConstraintInsetTarget.swift in Sources */,
				8047F75D2408C7530044887D /* ConstraintView+Extensions.swift in Sources */,
				8047F7452408C7530044887D /* LayoutConstraintItem.swift in Sources */,
				8047F7622408C7530044887D /* LayoutConstraint.swift in Sources */,
				8047F74B2408C7530044887D /* ConstraintInsets.swift in Sources */,
				8047F7582408C7530044887D /* ConstraintOffsetTarget.swift in Sources */,
				8047F70A2408C3D50044887D /* AppDelegate.swift in Sources */,
				8047F7652408C7530044887D /* ConstraintMakerRelatable.swift in Sources */,
				8047F74A2408C7530044887D /* ConstraintPriorityTarget.swift in Sources */,
				8047F7552408C7530044887D /* ConstraintLayoutSupport.swift in Sources */,
				8047F7532408C7530044887D /* ConstraintView.swift in Sources */,
				8047F74D2408C7530044887D /* ConstraintDSL.swift in Sources */,
				8047F7572408C7530044887D /* ConstraintConstantTarget.swift in Sources */,
				8047F7602408C7530044887D /* Debugging.swift in Sources */,
				8047F74F2408C7530044887D /* ConstraintPriority.swift in Sources */,
				8047F7462408C7530044887D /* ConstraintDescription.swift in Sources */,
				8047F7562408C7530044887D /* Typealiases.swift in Sources */,
				8047F74C2408C7530044887D /* ConstraintMakerFinalizable.swift in Sources */,
				8047F75A2408C7530044887D /* ConstraintMaker.swift in Sources */,
				8047F75C2408C7530044887D /* ConstraintLayoutGuideDSL.swift in Sources */,
				8047F7492408C7530044887D /* ConstraintViewDSL.swift in Sources */,
				8047F7542408C7530044887D /* ConstraintLayoutGuide.swift in Sources */,
				8047F75E2408C7530044887D /* ConstraintItem.swift in Sources */,
			);
			runOnlyForDeploymentPostprocessing = 0;
		};
/* End PBXSourcesBuildPhase section */

/* Begin PBXVariantGroup section */
		8047F70F2408C3D50044887D /* Main.storyboard */ = {
			isa = PBXVariantGroup;
			children = (
				8047F7102408C3D50044887D /* Base */,
			);
			name = Main.storyboard;
			sourceTree = "<group>";
		};
		8047F7142408C3D80044887D /* LaunchScreen.storyboard */ = {
			isa = PBXVariantGroup;
			children = (
				8047F7152408C3D80044887D /* Base */,
			);
			name = LaunchScreen.storyboard;
			sourceTree = "<group>";
		};
/* End PBXVariantGroup section */

/* Begin XCBuildConfiguration section */
		8047F7182408C3D80044887D /* Debug */ = {
			isa = XCBuildConfiguration;
			buildSettings = {
				ALWAYS_SEARCH_USER_PATHS = NO;
				CLANG_ANALYZER_NONNULL = YES;
				CLANG_ANALYZER_NUMBER_OBJECT_CONVERSION = YES_AGGRESSIVE;
				CLANG_CXX_LANGUAGE_STANDARD = "gnu++14";
				CLANG_CXX_LIBRARY = "libc++";
				CLANG_ENABLE_MODULES = YES;
				CLANG_ENABLE_OBJC_ARC = YES;
				CLANG_ENABLE_OBJC_WEAK = YES;
				CLANG_WARN_BLOCK_CAPTURE_AUTORELEASING = YES;
				CLANG_WARN_BOOL_CONVERSION = YES;
				CLANG_WARN_COMMA = YES;
				CLANG_WARN_CONSTANT_CONVERSION = YES;
				CLANG_WARN_DEPRECATED_OBJC_IMPLEMENTATIONS = YES;
				CLANG_WARN_DIRECT_OBJC_ISA_USAGE = YES_ERROR;
				CLANG_WARN_DOCUMENTATION_COMMENTS = YES;
				CLANG_WARN_EMPTY_BODY = YES;
				CLANG_WARN_ENUM_CONVERSION = YES;
				CLANG_WARN_INFINITE_RECURSION = YES;
				CLANG_WARN_INT_CONVERSION = YES;
				CLANG_WARN_NON_LITERAL_NULL_CONVERSION = YES;
				CLANG_WARN_OBJC_IMPLICIT_RETAIN_SELF = YES;
				CLANG_WARN_OBJC_LITERAL_CONVERSION = YES;
				CLANG_WARN_OBJC_ROOT_CLASS = YES_ERROR;
				CLANG_WARN_RANGE_LOOP_ANALYSIS = YES;
				CLANG_WARN_STRICT_PROTOTYPES = YES;
				CLANG_WARN_SUSPICIOUS_MOVE = YES;
				CLANG_WARN_UNGUARDED_AVAILABILITY = YES_AGGRESSIVE;
				CLANG_WARN_UNREACHABLE_CODE = YES;
				CLANG_WARN__DUPLICATE_METHOD_MATCH = YES;
				COPY_PHASE_STRIP = NO;
				DEBUG_INFORMATION_FORMAT = dwarf;
				ENABLE_STRICT_OBJC_MSGSEND = YES;
				ENABLE_TESTABILITY = YES;
				GCC_C_LANGUAGE_STANDARD = gnu11;
				GCC_DYNAMIC_NO_PIC = NO;
				GCC_NO_COMMON_BLOCKS = YES;
				GCC_OPTIMIZATION_LEVEL = 0;
				GCC_PREPROCESSOR_DEFINITIONS = (
					"DEBUG=1",
					"$(inherited)",
				);
				GCC_WARN_64_TO_32_BIT_CONVERSION = YES;
				GCC_WARN_ABOUT_RETURN_TYPE = YES_ERROR;
				GCC_WARN_UNDECLARED_SELECTOR = YES;
				GCC_WARN_UNINITIALIZED_AUTOS = YES_AGGRESSIVE;
				GCC_WARN_UNUSED_FUNCTION = YES;
				GCC_WARN_UNUSED_VARIABLE = YES;
				IPHONEOS_DEPLOYMENT_TARGET = 13.1;
				MTL_ENABLE_DEBUG_INFO = INCLUDE_SOURCE;
				MTL_FAST_MATH = YES;
				ONLY_ACTIVE_ARCH = YES;
				SDKROOT = iphoneos;
				SWIFT_ACTIVE_COMPILATION_CONDITIONS = DEBUG;
				SWIFT_OPTIMIZATION_LEVEL = "-Onone";
			};
			name = Debug;
		};
		8047F7192408C3D80044887D /* Release */ = {
			isa = XCBuildConfiguration;
			buildSettings = {
				ALWAYS_SEARCH_USER_PATHS = NO;
				CLANG_ANALYZER_NONNULL = YES;
				CLANG_ANALYZER_NUMBER_OBJECT_CONVERSION = YES_AGGRESSIVE;
				CLANG_CXX_LANGUAGE_STANDARD = "gnu++14";
				CLANG_CXX_LIBRARY = "libc++";
				CLANG_ENABLE_MODULES = YES;
				CLANG_ENABLE_OBJC_ARC = YES;
				CLANG_ENABLE_OBJC_WEAK = YES;
				CLANG_WARN_BLOCK_CAPTURE_AUTORELEASING = YES;
				CLANG_WARN_BOOL_CONVERSION = YES;
				CLANG_WARN_COMMA = YES;
				CLANG_WARN_CONSTANT_CONVERSION = YES;
				CLANG_WARN_DEPRECATED_OBJC_IMPLEMENTATIONS = YES;
				CLANG_WARN_DIRECT_OBJC_ISA_USAGE = YES_ERROR;
				CLANG_WARN_DOCUMENTATION_COMMENTS = YES;
				CLANG_WARN_EMPTY_BODY = YES;
				CLANG_WARN_ENUM_CONVERSION = YES;
				CLANG_WARN_INFINITE_RECURSION = YES;
				CLANG_WARN_INT_CONVERSION = YES;
				CLANG_WARN_NON_LITERAL_NULL_CONVERSION = YES;
				CLANG_WARN_OBJC_IMPLICIT_RETAIN_SELF = YES;
				CLANG_WARN_OBJC_LITERAL_CONVERSION = YES;
				CLANG_WARN_OBJC_ROOT_CLASS = YES_ERROR;
				CLANG_WARN_RANGE_LOOP_ANALYSIS = YES;
				CLANG_WARN_STRICT_PROTOTYPES = YES;
				CLANG_WARN_SUSPICIOUS_MOVE = YES;
				CLANG_WARN_UNGUARDED_AVAILABILITY = YES_AGGRESSIVE;
				CLANG_WARN_UNREACHABLE_CODE = YES;
				CLANG_WARN__DUPLICATE_METHOD_MATCH = YES;
				COPY_PHASE_STRIP = NO;
				DEBUG_INFORMATION_FORMAT = "dwarf-with-dsym";
				ENABLE_NS_ASSERTIONS = NO;
				ENABLE_STRICT_OBJC_MSGSEND = YES;
				GCC_C_LANGUAGE_STANDARD = gnu11;
				GCC_NO_COMMON_BLOCKS = YES;
				GCC_WARN_64_TO_32_BIT_CONVERSION = YES;
				GCC_WARN_ABOUT_RETURN_TYPE = YES_ERROR;
				GCC_WARN_UNDECLARED_SELECTOR = YES;
				GCC_WARN_UNINITIALIZED_AUTOS = YES_AGGRESSIVE;
				GCC_WARN_UNUSED_FUNCTION = YES;
				GCC_WARN_UNUSED_VARIABLE = YES;
				IPHONEOS_DEPLOYMENT_TARGET = 13.1;
				MTL_ENABLE_DEBUG_INFO = NO;
				MTL_FAST_MATH = YES;
				SDKROOT = iphoneos;
				SWIFT_COMPILATION_MODE = wholemodule;
				SWIFT_OPTIMIZATION_LEVEL = "-O";
				VALIDATE_PRODUCT = YES;
			};
			name = Release;
		};
		8047F71B2408C3D80044887D /* Debug */ = {
			isa = XCBuildConfiguration;
			buildSettings = {
				ASSETCATALOG_COMPILER_APPICON_NAME = AppIcon;
				CODE_SIGN_STYLE = Automatic;
				DEVELOPMENT_TEAM = GLWCRSS83U;
				INFOPLIST_FILE = BarCode/Info.plist;
				IPHONEOS_DEPLOYMENT_TARGET = 9.0;
				LD_RUNPATH_SEARCH_PATHS = (
					"$(inherited)",
					"@executable_path/Frameworks",
				);
				PRODUCT_BUNDLE_IDENTIFIER = com.cxy.BarCode;
				PRODUCT_NAME = "$(TARGET_NAME)";
				SWIFT_VERSION = 5.0;
				TARGETED_DEVICE_FAMILY = "1,2";
			};
			name = Debug;
		};
		8047F71C2408C3D80044887D /* Release */ = {
			isa = XCBuildConfiguration;
			buildSettings = {
				ASSETCATALOG_COMPILER_APPICON_NAME = AppIcon;
				CODE_SIGN_STYLE = Automatic;
				DEVELOPMENT_TEAM = GLWCRSS83U;
				INFOPLIST_FILE = BarCode/Info.plist;
				IPHONEOS_DEPLOYMENT_TARGET = 9.0;
				LD_RUNPATH_SEARCH_PATHS = (
					"$(inherited)",
					"@executable_path/Frameworks",
				);
				PRODUCT_BUNDLE_IDENTIFIER = com.cxy.BarCode;
				PRODUCT_NAME = "$(TARGET_NAME)";
				SWIFT_VERSION = 5.0;
				TARGETED_DEVICE_FAMILY = "1,2";
			};
			name = Release;
		};
/* End XCBuildConfiguration section */

/* Begin XCConfigurationList section */
		8047F7012408C3D50044887D /* Build configuration list for PBXProject "BarCode" */ = {
			isa = XCConfigurationList;
			buildConfigurations = (
				8047F7182408C3D80044887D /* Debug */,
				8047F7192408C3D80044887D /* Release */,
			);
			defaultConfigurationIsVisible = 0;
			defaultConfigurationName = Release;
		};
		8047F71A2408C3D80044887D /* Build configuration list for PBXNativeTarget "BarCode" */ = {
			isa = XCConfigurationList;
			buildConfigurations = (
				8047F71B2408C3D80044887D /* Debug */,
				8047F71C2408C3D80044887D /* Release */,
			);
			defaultConfigurationIsVisible = 0;
			defaultConfigurationName = Release;
		};
/* End XCConfigurationList section */
	};
	rootObject = 8047F6FE2408C3D50044887D /* Project object */;
}
